{
  "version": "3",
  "packages": {
    "specifiers": {
      "jsr:@david/code-block-writer@^13.0.2": "jsr:@david/code-block-writer@13.0.2",
      "jsr:@deno/cache-dir@^0.10.3": "jsr:@deno/cache-dir@0.10.3",
      "jsr:@deno/dnt@^0.41.3": "jsr:@deno/dnt@0.41.3",
      "jsr:@logtape/logtape@^0.4.3": "jsr:@logtape/logtape@0.4.3",
      "jsr:@std/assert@^0.223.0": "jsr:@std/assert@0.223.0",
      "jsr:@std/assert@^0.226.0": "jsr:@std/assert@0.226.0",
      "jsr:@std/bytes@^0.223.0": "jsr:@std/bytes@0.223.0",
      "jsr:@std/fmt@1": "jsr:@std/fmt@1.0.0",
      "jsr:@std/fmt@^0.223": "jsr:@std/fmt@0.223.0",
      "jsr:@std/fs@1": "jsr:@std/fs@1.0.1",
      "jsr:@std/fs@^0.223": "jsr:@std/fs@0.223.0",
      "jsr:@std/fs@^0.229.3": "jsr:@std/fs@0.229.3",
      "jsr:@std/io@^0.223": "jsr:@std/io@0.223.0",
      "jsr:@std/path@1": "jsr:@std/path@1.0.2",
      "jsr:@std/path@1.0.0-rc.1": "jsr:@std/path@1.0.0-rc.1",
      "jsr:@std/path@^0.223": "jsr:@std/path@0.223.0",
      "jsr:@std/path@^0.225.2": "jsr:@std/path@0.225.2",
      "jsr:@std/path@^1.0.2": "jsr:@std/path@1.0.2",
      "jsr:@ts-morph/bootstrap@^0.24.0": "jsr:@ts-morph/bootstrap@0.24.0",
      "jsr:@ts-morph/common@^0.24.0": "jsr:@ts-morph/common@0.24.0",
      "npm:@opentelemetry/api-logs@^0.52.1": "npm:@opentelemetry/api-logs@0.52.1",
      "npm:@opentelemetry/api@^1.9.0": "npm:@opentelemetry/api@1.9.0",
      "npm:@opentelemetry/exporter-logs-otlp-http@^0.52.1": "npm:@opentelemetry/exporter-logs-otlp-http@0.52.1_@opentelemetry+api@1.9.0",
      "npm:@opentelemetry/otlp-exporter-base@^0.52.1": "npm:@opentelemetry/otlp-exporter-base@0.52.1_@opentelemetry+api@1.9.0",
      "npm:@opentelemetry/resources@^1.25.1": "npm:@opentelemetry/resources@1.25.1_@opentelemetry+api@1.9.0",
      "npm:@opentelemetry/sdk-logs@^0.52.1": "npm:@opentelemetry/sdk-logs@0.52.1_@opentelemetry+api@1.9.0",
      "npm:@opentelemetry/semantic-conventions@^1.26.0": "npm:@opentelemetry/semantic-conventions@1.26.0"
    },
    "jsr": {
      "@david/code-block-writer@13.0.2": {
        "integrity": "14dd3baaafa3a2dea8bf7dfbcddeccaa13e583da2d21d666c01dc6d681cd74ad"
      },
      "@deno/cache-dir@0.10.3": {
        "integrity": "eb022f84ecc49c91d9d98131c6e6b118ff63a29e343624d058646b9d50404776",
        "dependencies": [
          "jsr:@std/fmt@^0.223",
          "jsr:@std/fs@^0.223",
          "jsr:@std/io@^0.223",
          "jsr:@std/path@^0.223"
        ]
      },
      "@deno/dnt@0.41.3": {
        "integrity": "b2ef2c8a5111eef86cb5bfcae103d6a2938e8e649e2461634a7befb7fc59d6d2",
        "dependencies": [
          "jsr:@david/code-block-writer@^13.0.2",
          "jsr:@deno/cache-dir@^0.10.3",
          "jsr:@std/fmt@1",
          "jsr:@std/fs@1",
          "jsr:@std/path@1",
          "jsr:@ts-morph/bootstrap@^0.24.0"
        ]
      },
      "@logtape/logtape@0.4.3": {
        "integrity": "eac68335a6ffe28265b16bcbc3aea27e10581c09c0c9f5cb11a3acb5cb170945"
      },
      "@std/assert@0.223.0": {
        "integrity": "eb8d6d879d76e1cc431205bd346ed4d88dc051c6366365b1af47034b0670be24"
      },
      "@std/assert@0.226.0": {
        "integrity": "0dfb5f7c7723c18cec118e080fec76ce15b4c31154b15ad2bd74822603ef75b3"
      },
      "@std/bytes@0.223.0": {
        "integrity": "84b75052cd8680942c397c2631318772b295019098f40aac5c36cead4cba51a8"
      },
      "@std/fmt@0.223.0": {
        "integrity": "6deb37794127dfc7d7bded2586b9fc6f5d50e62a8134846608baf71ffc1a5208"
      },
      "@std/fmt@1.0.0": {
        "integrity": "8a95c9fdbb61559418ccbc0f536080cf43341655e1444f9d375a66886ceaaa3d"
      },
      "@std/fs@0.223.0": {
        "integrity": "3b4b0550b2c524cbaaa5a9170c90e96cbb7354e837ad1bdaf15fc9df1ae9c31c"
      },
      "@std/fs@0.229.3": {
        "integrity": "783bca21f24da92e04c3893c9e79653227ab016c48e96b3078377ebd5222e6eb",
        "dependencies": [
          "jsr:@std/path@1.0.0-rc.1"
        ]
      },
      "@std/fs@1.0.1": {
        "integrity": "d6914ca2c21abe591f733b31dbe6331e446815e513e2451b3b9e472daddfefcb",
        "dependencies": [
          "jsr:@std/path@^1.0.2"
        ]
      },
      "@std/io@0.223.0": {
        "integrity": "2d8c3c2ab3a515619b90da2c6ff5ea7b75a94383259ef4d02116b228393f84f1",
        "dependencies": [
          "jsr:@std/assert@^0.223.0",
          "jsr:@std/bytes@^0.223.0"
        ]
      },
      "@std/path@0.223.0": {
        "integrity": "593963402d7e6597f5a6e620931661053572c982fc014000459edc1f93cc3989",
        "dependencies": [
          "jsr:@std/assert@^0.223.0"
        ]
      },
      "@std/path@0.225.2": {
        "integrity": "0f2db41d36b50ef048dcb0399aac720a5348638dd3cb5bf80685bf2a745aa506",
        "dependencies": [
          "jsr:@std/assert@^0.226.0"
        ]
      },
      "@std/path@1.0.0-rc.1": {
        "integrity": "b8c00ae2f19106a6bb7cbf1ab9be52aa70de1605daeb2dbdc4f87a7cbaf10ff6"
      },
      "@std/path@1.0.2": {
        "integrity": "a452174603f8c620bd278a380c596437a9eef50c891c64b85812f735245d9ec7"
      },
      "@ts-morph/bootstrap@0.24.0": {
        "integrity": "a826a2ef7fa8a7c3f1042df2c034d20744d94da2ee32bf29275bcd4dffd3c060",
        "dependencies": [
          "jsr:@ts-morph/common@^0.24.0"
        ]
      },
      "@ts-morph/common@0.24.0": {
        "integrity": "12b625b8e562446ba658cdbe9ad77774b4bd96b992ae8bd34c60dbf24d06c1f3",
        "dependencies": [
          "jsr:@std/fs@^0.229.3",
          "jsr:@std/path@^0.225.2"
        ]
      }
    },
    "npm": {
      "@opentelemetry/api-logs@0.52.1": {
        "integrity": "sha512-qnSqB2DQ9TPP96dl8cDubDvrUyWc0/sK81xHTK8eSUspzDM3bsewX903qclQFvVhgStjRWdC5bLb3kQqMkfV5A==",
        "dependencies": {
          "@opentelemetry/api": "@opentelemetry/api@1.9.0"
        }
      },
      "@opentelemetry/api@1.9.0": {
        "integrity": "sha512-3giAOQvZiH5F9bMlMiv8+GSPMeqg0dbaeo58/0SlA9sxSqZhnUtxzX9/2FzyhS9sWQf5S0GJE0AKBrFqjpeYcg==",
        "dependencies": {}
      },
      "@opentelemetry/core@1.25.1_@opentelemetry+api@1.9.0": {
        "integrity": "sha512-GeT/l6rBYWVQ4XArluLVB6WWQ8flHbdb6r2FCHC3smtdOAbrJBIv35tpV/yp9bmYUJf+xmZpu9DRTIeJVhFbEQ==",
        "dependencies": {
          "@opentelemetry/api": "@opentelemetry/api@1.9.0",
          "@opentelemetry/semantic-conventions": "@opentelemetry/semantic-conventions@1.25.1"
        }
      },
      "@opentelemetry/exporter-logs-otlp-http@0.52.1_@opentelemetry+api@1.9.0": {
        "integrity": "sha512-qKgywId2DbdowPZpOBXQKp0B8DfhfIArmSic15z13Nk/JAOccBUQdPwDjDnjsM5f0ckZFMVR2t/tijTUAqDZoA==",
        "dependencies": {
          "@opentelemetry/api": "@opentelemetry/api@1.9.0",
          "@opentelemetry/api-logs": "@opentelemetry/api-logs@0.52.1",
          "@opentelemetry/core": "@opentelemetry/core@1.25.1_@opentelemetry+api@1.9.0",
          "@opentelemetry/otlp-exporter-base": "@opentelemetry/otlp-exporter-base@0.52.1_@opentelemetry+api@1.9.0",
          "@opentelemetry/otlp-transformer": "@opentelemetry/otlp-transformer@0.52.1_@opentelemetry+api@1.9.0",
          "@opentelemetry/sdk-logs": "@opentelemetry/sdk-logs@0.52.1_@opentelemetry+api@1.9.0"
        }
      },
      "@opentelemetry/otlp-exporter-base@0.52.1_@opentelemetry+api@1.9.0": {
        "integrity": "sha512-z175NXOtX5ihdlshtYBe5RpGeBoTXVCKPPLiQlD6FHvpM4Ch+p2B0yWKYSrBfLH24H9zjJiBdTrtD+hLlfnXEQ==",
        "dependencies": {
          "@opentelemetry/api": "@opentelemetry/api@1.9.0",
          "@opentelemetry/core": "@opentelemetry/core@1.25.1_@opentelemetry+api@1.9.0",
          "@opentelemetry/otlp-transformer": "@opentelemetry/otlp-transformer@0.52.1_@opentelemetry+api@1.9.0"
        }
      },
      "@opentelemetry/otlp-transformer@0.52.1_@opentelemetry+api@1.9.0": {
        "integrity": "sha512-I88uCZSZZtVa0XniRqQWKbjAUm73I8tpEy/uJYPPYw5d7BRdVk0RfTBQw8kSUl01oVWEuqxLDa802222MYyWHg==",
        "dependencies": {
          "@opentelemetry/api": "@opentelemetry/api@1.9.0",
          "@opentelemetry/api-logs": "@opentelemetry/api-logs@0.52.1",
          "@opentelemetry/core": "@opentelemetry/core@1.25.1_@opentelemetry+api@1.9.0",
          "@opentelemetry/resources": "@opentelemetry/resources@1.25.1_@opentelemetry+api@1.9.0",
          "@opentelemetry/sdk-logs": "@opentelemetry/sdk-logs@0.52.1_@opentelemetry+api@1.9.0",
          "@opentelemetry/sdk-metrics": "@opentelemetry/sdk-metrics@1.25.1_@opentelemetry+api@1.9.0",
          "@opentelemetry/sdk-trace-base": "@opentelemetry/sdk-trace-base@1.25.1_@opentelemetry+api@1.9.0",
          "protobufjs": "protobufjs@7.4.0"
        }
      },
      "@opentelemetry/resources@1.25.1_@opentelemetry+api@1.9.0": {
        "integrity": "sha512-pkZT+iFYIZsVn6+GzM0kSX+u3MSLCY9md+lIJOoKl/P+gJFfxJte/60Usdp8Ce4rOs8GduUpSPNe1ddGyDT1sQ==",
        "dependencies": {
          "@opentelemetry/api": "@opentelemetry/api@1.9.0",
          "@opentelemetry/core": "@opentelemetry/core@1.25.1_@opentelemetry+api@1.9.0",
          "@opentelemetry/semantic-conventions": "@opentelemetry/semantic-conventions@1.25.1"
        }
      },
      "@opentelemetry/sdk-logs@0.52.1_@opentelemetry+api@1.9.0": {
        "integrity": "sha512-MBYh+WcPPsN8YpRHRmK1Hsca9pVlyyKd4BxOC4SsgHACnl/bPp4Cri9hWhVm5+2tiQ9Zf4qSc1Jshw9tOLGWQA==",
        "dependencies": {
          "@opentelemetry/api": "@opentelemetry/api@1.9.0",
          "@opentelemetry/api-logs": "@opentelemetry/api-logs@0.52.1",
          "@opentelemetry/core": "@opentelemetry/core@1.25.1_@opentelemetry+api@1.9.0",
          "@opentelemetry/resources": "@opentelemetry/resources@1.25.1_@opentelemetry+api@1.9.0"
        }
      },
      "@opentelemetry/sdk-metrics@1.25.1_@opentelemetry+api@1.9.0": {
        "integrity": "sha512-9Mb7q5ioFL4E4dDrc4wC/A3NTHDat44v4I3p2pLPSxRvqUbDIQyMVr9uK+EU69+HWhlET1VaSrRzwdckWqY15Q==",
        "dependencies": {
          "@opentelemetry/api": "@opentelemetry/api@1.9.0",
          "@opentelemetry/core": "@opentelemetry/core@1.25.1_@opentelemetry+api@1.9.0",
          "@opentelemetry/resources": "@opentelemetry/resources@1.25.1_@opentelemetry+api@1.9.0",
          "lodash.merge": "lodash.merge@4.6.2"
        }
      },
      "@opentelemetry/sdk-trace-base@1.25.1_@opentelemetry+api@1.9.0": {
        "integrity": "sha512-C8k4hnEbc5FamuZQ92nTOp8X/diCY56XUTnMiv9UTuJitCzaNNHAVsdm5+HLCdI8SLQsLWIrG38tddMxLVoftw==",
        "dependencies": {
          "@opentelemetry/api": "@opentelemetry/api@1.9.0",
          "@opentelemetry/core": "@opentelemetry/core@1.25.1_@opentelemetry+api@1.9.0",
          "@opentelemetry/resources": "@opentelemetry/resources@1.25.1_@opentelemetry+api@1.9.0",
          "@opentelemetry/semantic-conventions": "@opentelemetry/semantic-conventions@1.25.1"
        }
      },
      "@opentelemetry/semantic-conventions@1.25.1": {
        "integrity": "sha512-ZDjMJJQRlyk8A1KZFCc+bCbsyrn1wTwdNt56F7twdfUfnHUZUq77/WfONCj8p72NZOyP7pNTdUWSTYC3GTbuuQ==",
        "dependencies": {}
      },
      "@opentelemetry/semantic-conventions@1.26.0": {
        "integrity": "sha512-U9PJlOswJPSgQVPI+XEuNLElyFWkb0hAiMg+DExD9V0St03X2lPHGMdxMY/LrVmoukuIpXJ12oyrOtEZ4uXFkw==",
        "dependencies": {}
      },
      "@protobufjs/aspromise@1.1.2": {
        "integrity": "sha512-j+gKExEuLmKwvz3OgROXtrJ2UG2x8Ch2YZUxahh+s1F2HZ+wAceUNLkvy6zKCPVRkU++ZWQrdxsUeQXmcg4uoQ==",
        "dependencies": {}
      },
      "@protobufjs/base64@1.1.2": {
        "integrity": "sha512-AZkcAA5vnN/v4PDqKyMR5lx7hZttPDgClv83E//FMNhR2TMcLUhfRUBHCmSl0oi9zMgDDqRUJkSxO3wm85+XLg==",
        "dependencies": {}
      },
      "@protobufjs/codegen@2.0.4": {
        "integrity": "sha512-YyFaikqM5sH0ziFZCN3xDC7zeGaB/d0IUb9CATugHWbd1FRFwWwt4ld4OYMPWu5a3Xe01mGAULCdqhMlPl29Jg==",
        "dependencies": {}
      },
      "@protobufjs/eventemitter@1.1.0": {
        "integrity": "sha512-j9ednRT81vYJ9OfVuXG6ERSTdEL1xVsNgqpkxMsbIabzSo3goCjDIveeGv5d03om39ML71RdmrGNjG5SReBP/Q==",
        "dependencies": {}
      },
      "@protobufjs/fetch@1.1.0": {
        "integrity": "sha512-lljVXpqXebpsijW71PZaCYeIcE5on1w5DlQy5WH6GLbFryLUrBD4932W/E2BSpfRJWseIL4v/KPgBFxDOIdKpQ==",
        "dependencies": {
          "@protobufjs/aspromise": "@protobufjs/aspromise@1.1.2",
          "@protobufjs/inquire": "@protobufjs/inquire@1.1.0"
        }
      },
      "@protobufjs/float@1.0.2": {
        "integrity": "sha512-Ddb+kVXlXst9d+R9PfTIxh1EdNkgoRe5tOX6t01f1lYWOvJnSPDBlG241QLzcyPdoNTsblLUdujGSE4RzrTZGQ==",
        "dependencies": {}
      },
      "@protobufjs/inquire@1.1.0": {
        "integrity": "sha512-kdSefcPdruJiFMVSbn801t4vFK7KB/5gd2fYvrxhuJYg8ILrmn9SKSX2tZdV6V+ksulWqS7aXjBcRXl3wHoD9Q==",
        "dependencies": {}
      },
      "@protobufjs/path@1.1.2": {
        "integrity": "sha512-6JOcJ5Tm08dOHAbdR3GrvP+yUUfkjG5ePsHYczMFLq3ZmMkAD98cDgcT2iA1lJ9NVwFd4tH/iSSoe44YWkltEA==",
        "dependencies": {}
      },
      "@protobufjs/pool@1.1.0": {
        "integrity": "sha512-0kELaGSIDBKvcgS4zkjz1PeddatrjYcmMWOlAuAPwAeccUrPHdUqo/J6LiymHHEiJT5NrF1UVwxY14f+fy4WQw==",
        "dependencies": {}
      },
      "@protobufjs/utf8@1.1.0": {
        "integrity": "sha512-Vvn3zZrhQZkkBE8LSuW3em98c0FwgO4nxzv6OdSxPKJIEKY2bGbHn+mhGIPerzI4twdxaP8/0+06HBpwf345Lw==",
        "dependencies": {}
      },
      "@types/node@22.0.0": {
        "integrity": "sha512-VT7KSYudcPOzP5Q0wfbowyNLaVR8QWUdw+088uFWwfvpY6uCWaXpqV6ieLAu9WBcnTa7H4Z5RLK8I5t2FuOcqw==",
        "dependencies": {
          "undici-types": "undici-types@6.11.1"
        }
      },
      "lodash.merge@4.6.2": {
        "integrity": "sha512-0KpjqXRVvrYyCsX1swR/XTK0va6VQkQM6MNo7PqW77ByjAhoARA8EfrP1N4+KlKj8YS0ZUCtRT/YUuhyYDujIQ==",
        "dependencies": {}
      },
      "long@5.2.3": {
        "integrity": "sha512-lcHwpNoggQTObv5apGNCTdJrO69eHOZMi4BNC+rTLER8iHAqGrUVeLh/irVIM7zTw2bOXA8T6uNPeujwOLg/2Q==",
        "dependencies": {}
      },
      "protobufjs@7.4.0": {
        "integrity": "sha512-mRUWCc3KUU4w1jU8sGxICXH/gNS94DvI1gxqDvBzhj1JpcsimQkYiOJfwsPUykUI5ZaspFbSgmBLER8IrQ3tqw==",
        "dependencies": {
          "@protobufjs/aspromise": "@protobufjs/aspromise@1.1.2",
          "@protobufjs/base64": "@protobufjs/base64@1.1.2",
          "@protobufjs/codegen": "@protobufjs/codegen@2.0.4",
          "@protobufjs/eventemitter": "@protobufjs/eventemitter@1.1.0",
          "@protobufjs/fetch": "@protobufjs/fetch@1.1.0",
          "@protobufjs/float": "@protobufjs/float@1.0.2",
          "@protobufjs/inquire": "@protobufjs/inquire@1.1.0",
          "@protobufjs/path": "@protobufjs/path@1.1.2",
          "@protobufjs/pool": "@protobufjs/pool@1.1.0",
          "@protobufjs/utf8": "@protobufjs/utf8@1.1.0",
          "@types/node": "@types/node@22.0.0",
          "long": "long@5.2.3"
        }
      },
      "undici-types@6.11.1": {
        "integrity": "sha512-mIDEX2ek50x0OlRgxryxsenE5XaQD4on5U2inY7RApK3SOJpofyw7uW2AyfMKkhAxXIceo2DeWGVGwyvng1GNQ==",
        "dependencies": {}
      }
    }
  },
  "remote": {},
  "workspace": {
    "dependencies": [
      "jsr:@deno/dnt@^0.41.3",
      "jsr:@logtape/logtape@^0.4.3",
      "npm:@opentelemetry/api-logs@^0.52.1",
      "npm:@opentelemetry/api@^1.9.0",
      "npm:@opentelemetry/exporter-logs-otlp-http@^0.52.1",
      "npm:@opentelemetry/otlp-exporter-base@^0.52.1",
      "npm:@opentelemetry/resources@^1.25.1",
      "npm:@opentelemetry/sdk-logs@^0.52.1",
      "npm:@opentelemetry/semantic-conventions@^1.26.0"
    ]
  }
}
